
Microsoft Visual Studio Solution File, Format Version 12.00
# Visual Studio Version 17
VisualStudioVersion = 17.5.33502.453
MinimumVisualStudioVersion = 10.0.40219.1
Project("{FAE04EC0-301F-11D3-BF4B-00C04F79EFBC}") = "HRNote Plus", "HRNote Plus.csproj", "{785B1EDE-66F2-4BEF-9800-B5F09DB807FD}"
EndProject
Global
	GlobalSection(SolutionConfigurationPlatforms) = preSolution
		Debug|Any CPU = Debug|Any CPU
		Release|Any CPU = Release|Any CPU
	EndGlobalSection
	GlobalSection(ProjectConfigurationPlatforms) = postSolution
		{785B1EDE-66F2-4BEF-9800-B5F09DB807FD}.Debug|Any CPU.ActiveCfg = Debug|Any CPU
		{785B1EDE-66F2-4BEF-9800-B5F09DB807FD}.Debug|Any CPU.Build.0 = Debug|Any CPU
		{785B1EDE-66F2-4BEF-9800-B5F09DB807FD}.Release|Any CPU.ActiveCfg = Release|Any CPU
		{785B1EDE-66F2-4BEF-9800-B5F09DB807FD}.Release|Any CPU.Build.0 = Release|Any CPU
	EndGlobalSection
	GlobalSection(SolutionProperties) = preSolution
		HideSolutionNode = FALSE
	EndGlobalSection
	GlobalSection(ExtensibilityGlobals) = postSolution
		SolutionGuid = {00B7F7A4-7DB3-44C6-9EDE-BBE2BCD3095E}
	EndGlobalSection
EndGlobal
